
Microsoft Visual Studio Solution File, Format Version 12.00
# Visual Studio Version 17
VisualStudioVersion = 17.7.34031.279
MinimumVisualStudioVersion = 10.0.40219.1
Project("{9A19103F-16F7-4668-BE54-9A1E7A4F7556}") = "DemoApp", "DemoApp\DemoApp.csproj", "{2512E4E2-A344-43DF-9762-C114B174C171}"
EndProject
Global
	GlobalSection(SolutionConfigurationPlatforms) = preSolution
		Debug|Any CPU = Debug|Any CPU
		Release|Any CPU = Release|Any CPU
	EndGlobalSection
	GlobalSection(ProjectConfigurationPlatforms) = postSolution
		{2512E4E2-A344-43DF-9762-C114B174C171}.Debug|Any CPU.ActiveCfg = Debug|Any CPU
		{2512E4E2-A344-43DF-9762-C114B174C171}.Debug|Any CPU.Build.0 = Debug|Any CPU
		{2512E4E2-A344-43DF-9762-C114B174C171}.Release|Any CPU.ActiveCfg = Release|Any CPU
		{2512E4E2-A344-43DF-9762-C114B174C171}.Release|Any CPU.Build.0 = Release|Any CPU
	EndGlobalSection
	GlobalSection(SolutionProperties) = preSolution
		HideSolutionNode = FALSE
	EndGlobalSection
	GlobalSection(ExtensibilityGlobals) = postSolution
		SolutionGuid = {B88EF98A-4796-408F-99BF-389B255AC94F}
	EndGlobalSection
EndGlobal
